
Microsoft Visual Studio Solution File, Format Version 12.00
# Visual Studio 14
VisualStudioVersion = 14.0.24720.0
MinimumVisualStudioVersion = 10.0.40219.1
Project("{FAE04EC0-301F-11D3-BF4B-00C04F79EFBC}") = "CheckoutDriver", "CheckoutDriver\CheckoutDriver.csproj", "{55A7FBA3-1021-4C8D-A1A0-D31342D349FF}"
EndProject
Project("{FAE04EC0-301F-11D3-BF4B-00C04F79EFBC}") = "ScannerLib", "ScannerLib\ScannerLib.csproj", "{89DAE85F-6848-408D-AEB3-1C063E3BBA3E}"
EndProject
Project("{FAE04EC0-301F-11D3-BF4B-00C04F79EFBC}") = "ItemCatalogLib", "ItemCatalogLib\ItemCatalogLib.csproj", "{29BEE812-A96D-4132-9DAA-1A57AE5860CD}"
EndProject
Project("{FAE04EC0-301F-11D3-BF4B-00C04F79EFBC}") = "ItemCatalogLibTests", "ItemCatalogLibTests\ItemCatalogLibTests.csproj", "{1950DC93-8992-4317-AACA-EE631F3B2E4B}"
EndProject
Project("{FAE04EC0-301F-11D3-BF4B-00C04F79EFBC}") = "ScannerLibTests", "ScannerLibTests\ScannerLibTests.csproj", "{1FD784B9-3DE6-474B-8984-07FDA724BAD3}"
EndProject
Global
	GlobalSection(SolutionConfigurationPlatforms) = preSolution
		Debug|Any CPU = Debug|Any CPU
		Release|Any CPU = Release|Any CPU
	EndGlobalSection
	GlobalSection(ProjectConfigurationPlatforms) = postSolution
		{55A7FBA3-1021-4C8D-A1A0-D31342D349FF}.Debug|Any CPU.ActiveCfg = Debug|Any CPU
		{55A7FBA3-1021-4C8D-A1A0-D31342D349FF}.Debug|Any CPU.Build.0 = Debug|Any CPU
		{55A7FBA3-1021-4C8D-A1A0-D31342D349FF}.Release|Any CPU.ActiveCfg = Release|Any CPU
		{55A7FBA3-1021-4C8D-A1A0-D31342D349FF}.Release|Any CPU.Build.0 = Release|Any CPU
		{89DAE85F-6848-408D-AEB3-1C063E3BBA3E}.Debug|Any CPU.ActiveCfg = Debug|Any CPU
		{89DAE85F-6848-408D-AEB3-1C063E3BBA3E}.Debug|Any CPU.Build.0 = Debug|Any CPU
		{89DAE85F-6848-408D-AEB3-1C063E3BBA3E}.Release|Any CPU.ActiveCfg = Release|Any CPU
		{89DAE85F-6848-408D-AEB3-1C063E3BBA3E}.Release|Any CPU.Build.0 = Release|Any CPU
		{29BEE812-A96D-4132-9DAA-1A57AE5860CD}.Debug|Any CPU.ActiveCfg = Debug|Any CPU
		{29BEE812-A96D-4132-9DAA-1A57AE5860CD}.Debug|Any CPU.Build.0 = Debug|Any CPU
		{29BEE812-A96D-4132-9DAA-1A57AE5860CD}.Release|Any CPU.ActiveCfg = Release|Any CPU
		{29BEE812-A96D-4132-9DAA-1A57AE5860CD}.Release|Any CPU.Build.0 = Release|Any CPU
		{1950DC93-8992-4317-AACA-EE631F3B2E4B}.Debug|Any CPU.ActiveCfg = Debug|Any CPU
		{1950DC93-8992-4317-AACA-EE631F3B2E4B}.Debug|Any CPU.Build.0 = Debug|Any CPU
		{1950DC93-8992-4317-AACA-EE631F3B2E4B}.Release|Any CPU.ActiveCfg = Release|Any CPU
		{1950DC93-8992-4317-AACA-EE631F3B2E4B}.Release|Any CPU.Build.0 = Release|Any CPU
		{1FD784B9-3DE6-474B-8984-07FDA724BAD3}.Debug|Any CPU.ActiveCfg = Debug|Any CPU
		{1FD784B9-3DE6-474B-8984-07FDA724BAD3}.Debug|Any CPU.Build.0 = Debug|Any CPU
		{1FD784B9-3DE6-474B-8984-07FDA724BAD3}.Release|Any CPU.ActiveCfg = Release|Any CPU
		{1FD784B9-3DE6-474B-8984-07FDA724BAD3}.Release|Any CPU.Build.0 = Release|Any CPU
	EndGlobalSection
	GlobalSection(SolutionProperties) = preSolution
		HideSolutionNode = FALSE
	EndGlobalSection
EndGlobal
